
Microsoft Visual Studio Solution File, Format Version 12.00
# Visual Studio 2013
VisualStudioVersion = 12.0.40629.0
MinimumVisualStudioVersion = 10.0.40219.1
Project("{FAE04EC0-301F-11D3-BF4B-00C04F79EFBC}") = "Mvc5Examples", "Mvc5Examples\Mvc5Examples.csproj", "{99D88842-8303-4443-94A8-222C5F44CCDB}"
EndProject
Project("{FAE04EC0-301F-11D3-BF4B-00C04F79EFBC}") = "Mvc.Document", "Mvc.Document\Mvc.Document.csproj", "{64831109-ED6A-45E8-972F-71A8FDB9D625}"
EndProject
Global
	GlobalSection(SolutionConfigurationPlatforms) = preSolution
		Debug|Any CPU = Debug|Any CPU
		Release|Any CPU = Release|Any CPU
	EndGlobalSection
	GlobalSection(ProjectConfigurationPlatforms) = postSolution
		{99D88842-8303-4443-94A8-222C5F44CCDB}.Debug|Any CPU.ActiveCfg = Debug|Any CPU
		{99D88842-8303-4443-94A8-222C5F44CCDB}.Debug|Any CPU.Build.0 = Debug|Any CPU
		{99D88842-8303-4443-94A8-222C5F44CCDB}.Release|Any CPU.ActiveCfg = Release|Any CPU
		{99D88842-8303-4443-94A8-222C5F44CCDB}.Release|Any CPU.Build.0 = Release|Any CPU
		{64831109-ED6A-45E8-972F-71A8FDB9D625}.Debug|Any CPU.ActiveCfg = Debug|Any CPU
		{64831109-ED6A-45E8-972F-71A8FDB9D625}.Debug|Any CPU.Build.0 = Debug|Any CPU
		{64831109-ED6A-45E8-972F-71A8FDB9D625}.Release|Any CPU.ActiveCfg = Release|Any CPU
		{64831109-ED6A-45E8-972F-71A8FDB9D625}.Release|Any CPU.Build.0 = Release|Any CPU
	EndGlobalSection
	GlobalSection(SolutionProperties) = preSolution
		HideSolutionNode = FALSE
	EndGlobalSection
EndGlobal
